
Microsoft Visual Studio Solution File, Format Version 12.00
# Visual Studio 2012
Project("{FAE04EC0-301F-11D3-BF4B-00C04F79EFBC}") = "Lab6", "Lab6\Lab6.csproj", "{33762202-39B3-4DCC-B056-A2516BEE61F9}"
EndProject
Global
	GlobalSection(SolutionConfigurationPlatforms) = preSolution
		Debug|x86 = Debug|x86
		Release|x86 = Release|x86
	EndGlobalSection
	GlobalSection(ProjectConfigurationPlatforms) = postSolution
		{33762202-39B3-4DCC-B056-A2516BEE61F9}.Debug|x86.ActiveCfg = Debug|x86
		{33762202-39B3-4DCC-B056-A2516BEE61F9}.Debug|x86.Build.0 = Debug|x86
		{33762202-39B3-4DCC-B056-A2516BEE61F9}.Release|x86.ActiveCfg = Release|x86
		{33762202-39B3-4DCC-B056-A2516BEE61F9}.Release|x86.Build.0 = Release|x86
	EndGlobalSection
EndGlobal
